
Microsoft Visual Studio Solution File, Format Version 9.00
# Visual Studio 2005
Project("{FAE04EC0-301F-11D3-BF4B-00C04F79EFBC}") = "chapter4_B", "chapter4_B\chapter4_B.csproj", "{84BA7B98-F5FB-4587-82C9-C29DD0D8ED83}"
EndProject
Global
	GlobalSection(SolutionConfigurationPlatforms) = preSolution
		Debug|Any CPU = Debug|Any CPU
		Release|Any CPU = Release|Any CPU
	EndGlobalSection
	GlobalSection(ProjectConfigurationPlatforms) = postSolution
		{84BA7B98-F5FB-4587-82C9-C29DD0D8ED83}.Debug|Any CPU.ActiveCfg = Debug|Any CPU
		{84BA7B98-F5FB-4587-82C9-C29DD0D8ED83}.Debug|Any CPU.Build.0 = Debug|Any CPU
		{84BA7B98-F5FB-4587-82C9-C29DD0D8ED83}.Release|Any CPU.ActiveCfg = Release|Any CPU
		{84BA7B98-F5FB-4587-82C9-C29DD0D8ED83}.Release|Any CPU.Build.0 = Release|Any CPU
	EndGlobalSection
	GlobalSection(SolutionProperties) = preSolution
		HideSolutionNode = FALSE
	EndGlobalSection
EndGlobal
