
Microsoft Visual Studio Solution File, Format Version 9.00
# Visual Studio 2005
Project("{FAE04EC0-301F-11D3-BF4B-00C04F79EFBC}") = "baslangic2", "baslangic2\baslangic2.csproj", "{8E710500-7026-4C98-BD3A-F14F6E4E225B}"
EndProject
Global
	GlobalSection(SolutionConfigurationPlatforms) = preSolution
		Debug|Any CPU = Debug|Any CPU
		Release|Any CPU = Release|Any CPU
	EndGlobalSection
	GlobalSection(ProjectConfigurationPlatforms) = postSolution
		{8E710500-7026-4C98-BD3A-F14F6E4E225B}.Debug|Any CPU.ActiveCfg = Debug|Any CPU
		{8E710500-7026-4C98-BD3A-F14F6E4E225B}.Debug|Any CPU.Build.0 = Debug|Any CPU
		{8E710500-7026-4C98-BD3A-F14F6E4E225B}.Release|Any CPU.ActiveCfg = Release|Any CPU
		{8E710500-7026-4C98-BD3A-F14F6E4E225B}.Release|Any CPU.Build.0 = Release|Any CPU
	EndGlobalSection
	GlobalSection(SolutionProperties) = preSolution
		HideSolutionNode = FALSE
	EndGlobalSection
EndGlobal
